# Committed negative fixture (bd-tdj0): ftui-* members from TWO git revisions, even at one
# declared version, are two release sets.
version = 4

[[package]]
name = "ftui"
version = "0.5.0"
source = "git+https://github.com/Dicklesworthstone/frankentui?rev=15cc6543f76b814394c590f9e7719dedd6684e4c#15cc6543f76b814394c590f9e7719dedd6684e4c"

[[package]]
name = "ftui-core"
version = "0.5.0"
source = "git+https://github.com/Dicklesworthstone/frankentui?rev=c72e82ad0000000000000000000000000000000#c72e82ad0000000000000000000000000000000"
