# Committed negative fixture (bd-tdj0): one member from git, one from the registry, at the same
# declared version. Equal version strings do not make them one release set.
version = 4

[[package]]
name = "ftui"
version = "0.5.0"
source = "git+https://github.com/Dicklesworthstone/frankentui?rev=15cc6543f76b814394c590f9e7719dedd6684e4c#15cc6543f76b814394c590f9e7719dedd6684e4c"

[[package]]
name = "ftui-core"
version = "0.5.0"
source = "registry+https://github.com/rust-lang/crates.io-index"
